{
  "version": 4,
  "terraform_version": "1.11.0",
  "serial": 626,
  "lineage": "b0a67e35-0184-cbc0-29a9-10f8364632a6",
  "outputs": {},
  "resources": [
    {
      "module": "module.alb",
      "mode": "managed",
      "type": "aws_lb",
      "name": "main",
      "provider": "provider[\"registry.terraform.io/hashicorp/aws\"]",
      "instances": [
        {
          "schema_version": 0,
          "attributes": {
            "access_logs": [
              {
                "bucket": "",
                "enabled": false,
                "prefix": ""
              }
            ],
            "arn": "arn:aws:elasticloadbalancing:us-east-1:024125831628:loadbalancer/app/blue-green-alb/24381b7f2264bfa5",
            "arn_suffix": "app/blue-green-alb/24381b7f2264bfa5",
            "client_keep_alive": 3600,
            "connection_logs": [
              {
                "bucket": "",
                "enabled": false,
                "prefix": ""
              }
            ],
            "customer_owned_ipv4_pool": "",
            "desync_mitigation_mode": "defensive",
            "dns_name": "blue-green-alb-816802567.us-east-1.elb.amazonaws.com",
            "dns_record_client_routing_policy": null,
            "drop_invalid_header_fields": false,
            "enable_cross_zone_load_balancing": true,
            "enable_deletion_protection": false,
            "enable_http2": true,
            "enable_tls_version_and_cipher_suite_headers": false,
            "enable_waf_fail_open": false,
            "enable_xff_client_port": false,
            "enable_zonal_shift": false,
            "enforce_security_group_inbound_rules_on_private_link_traffic": "",
            "id": "arn:aws:elasticloadbalancing:us-east-1:024125831628:loadbalancer/app/blue-green-alb/24381b7f2264bfa5",
            "idle_timeout": 60,
            "internal": false,
            "ip_address_type": "ipv4",
            "ipam_pools": [],
            "load_balancer_type": "application",
            "name": "blue-green-alb",
            "name_prefix": "",
            "preserve_host_header": false,
            "security_groups": [
              "sg-0db79129b7eac5035"
            ],
            "subnet_mapping": [
              {
                "allocation_id": "",
                "ipv6_address": "",
                "outpost_id": "",
                "private_ipv4_address": "",
                "subnet_id": "subnet-0469bb32a841dff03"
              },
              {
                "allocation_id": "",
                "ipv6_address": "",
                "outpost_id": "",
                "private_ipv4_address": "",
                "subnet_id": "subnet-05b5dd98faa7eed56"
              }
            ],
            "subnets": [
              "subnet-0469bb32a841dff03",
              "subnet-05b5dd98faa7eed56"
            ],
            "tags": {
              "Environment": "dev",
              "ManagedBy": "Terraform",
              "Module": "alb",
              "Name": "blue-green-alb",
              "Project": "blue-green-deployment",
              "Terraform": "true"
            },
            "tags_all": {
              "Environment": "dev",
              "ManagedBy": "Terraform",
              "Module": "alb",
              "Name": "blue-green-alb",
              "Project": "blue-green-deployment",
              "Terraform": "true"
            },
            "timeouts": null,
            "vpc_id": "vpc-0ab9d4e65c69fdef2",
            "xff_header_processing_mode": "append",
            "zone_id": "Z35SXDOTRQ7X7K"
          },
          "sensitive_attributes": [],
          "private": "eyJlMmJmYjczMC1lY2FhLTExZTYtOGY4OC0zNDM2M2JjN2M0YzAiOnsiY3JlYXRlIjo2MDAwMDAwMDAwMDAsImRlbGV0ZSI6NjAwMDAwMDAwMDAwLCJ1cGRhdGUiOjYwMDAwMDAwMDAwMH19",
          "dependencies": [
            "module.security_group.aws_security_group.security_group",
            "module.vpc.aws_subnet.public_subnets",
            "module.vpc.aws_vpc.main"
          ],
          "create_before_destroy": true
        }
      ]
    },
    {
      "module": "module.alb",
      "mode": "managed",
      "type": "aws_lb_listener",
      "name": "http",
      "provider": "provider[\"registry.terraform.io/hashicorp/aws\"]",
      "instances": [
        {
          "schema_version": 0,
          "attributes": {
            "alpn_policy": null,
            "arn": "arn:aws:elasticloadbalancing:us-east-1:024125831628:listener/app/blue-green-alb/24381b7f2264bfa5/df9ca288b312f127",
            "certificate_arn": null,
            "default_action": [
              {
                "authenticate_cognito": [],
                "authenticate_oidc": [],
                "fixed_response": [
                  {
                    "content_type": "text/html",
                    "message_body": "\u003chtml\u003e\u003cbody\u003e\u003ch1\u003eWelcome to Blue-Green Deployment\u003c/h1\u003e\u003cp\u003ePlease use a specific path: /app1/, /app2/, or /app3/\u003c/p\u003e\u003c/body\u003e\u003c/html\u003e",
                    "status_code": "200"
                  }
                ],
                "forward": [],
                "order": 1,
                "redirect": [],
                "target_group_arn": "",
                "type": "fixed-response"
              }
            ],
            "id": "arn:aws:elasticloadbalancing:us-east-1:024125831628:listener/app/blue-green-alb/24381b7f2264bfa5/df9ca288b312f127",
            "load_balancer_arn": "arn:aws:elasticloadbalancing:us-east-1:024125831628:loadbalancer/app/blue-green-alb/24381b7f2264bfa5",
            "mutual_authentication": [],
            "port": 80,
            "protocol": "HTTP",
            "routing_http_request_x_amzn_mtls_clientcert_header_name": null,
            "routing_http_request_x_amzn_mtls_clientcert_issuer_header_name": null,
            "routing_http_request_x_amzn_mtls_clientcert_leaf_header_name": null,
            "routing_http_request_x_amzn_mtls_clientcert_serial_number_header_name": null,
            "routing_http_request_x_amzn_mtls_clientcert_subject_header_name": null,
            "routing_http_request_x_amzn_mtls_clientcert_validity_header_name": null,
            "routing_http_request_x_amzn_tls_cipher_suite_header_name": null,
            "routing_http_request_x_amzn_tls_version_header_name": null,
            "routing_http_response_access_control_allow_credentials_header_value": "",
            "routing_http_response_access_control_allow_headers_header_value": "",
            "routing_http_response_access_control_allow_methods_header_value": "",
            "routing_http_response_access_control_allow_origin_header_value": "",
            "routing_http_response_access_control_expose_headers_header_value": "",
            "routing_http_response_access_control_max_age_header_value": "",
            "routing_http_response_content_security_policy_header_value": "",
            "routing_http_response_server_enabled": false,
            "routing_http_response_strict_transport_security_header_value": "",
            "routing_http_response_x_content_type_options_header_value": "",
            "routing_http_response_x_frame_options_header_value": "",
            "ssl_policy": "",
            "tags": null,
            "tags_all": {},
            "tcp_idle_timeout_seconds": null,
            "timeouts": null
          },
          "sensitive_attributes": [],
          "private": "eyJlMmJmYjczMC1lY2FhLTExZTYtOGY4OC0zNDM2M2JjN2M0YzAiOnsiY3JlYXRlIjozMDAwMDAwMDAwMDAsInVwZGF0ZSI6MzAwMDAwMDAwMDAwfX0=",
          "dependencies": [
            "module.alb.aws_lb.main",
            "module.security_group.aws_security_group.security_group",
            "module.vpc.aws_subnet.public_subnets",
            "module.vpc.aws_vpc.main"
          ],
          "create_before_destroy": true
        }
      ]
    },
    {
      "module": "module.alb",
      "mode": "managed",
      "type": "aws_lb_listener_rule",
      "name": "path_based_routing",
      "provider": "provider[\"registry.terraform.io/hashicorp/aws\"]",
      "instances": [
        {
          "index_key": "app_1",
          "schema_version": 0,
          "attributes": {
            "action": [
              {
                "authenticate_cognito": [],
                "authenticate_oidc": [],
                "fixed_response": [],
                "forward": [
                  {
                    "stickiness": [
                      {
                        "duration": 300,
                        "enabled": true
                      }
                    ],
                    "target_group": [
                      {
                        "arn": "arn:aws:elasticloadbalancing:us-east-1:024125831628:targetgroup/blue-tg-app1/9b86bcedeee6f601",
                        "weight": 100
                      },
                      {
                        "arn": "arn:aws:elasticloadbalancing:us-east-1:024125831628:targetgroup/green-tg-app1/2a68b3a8a2e660d1",
                        "weight": 0
                      }
                    ]
                  }
                ],
                "order": 1,
                "redirect": [],
                "target_group_arn": "",
                "type": "forward"
              }
            ],
            "arn": "arn:aws:elasticloadbalancing:us-east-1:024125831628:listener-rule/app/blue-green-alb/24381b7f2264bfa5/df9ca288b312f127/a33573e229e9e220",
            "condition": [
              {
                "host_header": [],
                "http_header": [],
                "http_request_method": [],
                "path_pattern": [
                  {
                    "values": [
                      "/app1*"
                    ]
                  }
                ],
                "query_string": [],
                "source_ip": []
              }
            ],
            "id": "arn:aws:elasticloadbalancing:us-east-1:024125831628:listener-rule/app/blue-green-alb/24381b7f2264bfa5/df9ca288b312f127/a33573e229e9e220",
            "listener_arn": "arn:aws:elasticloadbalancing:us-east-1:024125831628:listener/app/blue-green-alb/24381b7f2264bfa5/df9ca288b312f127",
            "priority": 100,
            "tags": null,
            "tags_all": {}
          },
          "sensitive_attributes": [],
          "private": "bnVsbA==",
          "dependencies": [
            "module.alb.aws_lb.main",
            "module.alb.aws_lb_listener.http",
            "module.alb.aws_lb_target_group.blue",
            "module.alb.aws_lb_target_group.green",
            "module.security_group.aws_security_group.security_group",
            "module.vpc.aws_subnet.public_subnets",
            "module.vpc.aws_vpc.main"
          ]
        },
        {
          "index_key": "app_2",
          "schema_version": 0,
          "attributes": {
            "action": [
              {
                "authenticate_cognito": [],
                "authenticate_oidc": [],
                "fixed_response": [],
                "forward": [
                  {
                    "stickiness": [
                      {
                        "duration": 300,
                        "enabled": true
                      }
                    ],
                    "target_group": [
                      {
                        "arn": "arn:aws:elasticloadbalancing:us-east-1:024125831628:targetgroup/blue-tg-app2/2d236f285c025220",
                        "weight": 100
                      },
                      {
                        "arn": "arn:aws:elasticloadbalancing:us-east-1:024125831628:targetgroup/green-tg-app2/886ec8433051177a",
                        "weight": 0
                      }
                    ]
                  }
                ],
                "order": 1,
                "redirect": [],
                "target_group_arn": "",
                "type": "forward"
              }
            ],
            "arn": "arn:aws:elasticloadbalancing:us-east-1:024125831628:listener-rule/app/blue-green-alb/24381b7f2264bfa5/df9ca288b312f127/6552979a017b51a0",
            "condition": [
              {
                "host_header": [],
                "http_header": [],
                "http_request_method": [],
                "path_pattern": [
                  {
                    "values": [
                      "/app2*"
                    ]
                  }
                ],
                "query_string": [],
                "source_ip": []
              }
            ],
            "id": "arn:aws:elasticloadbalancing:us-east-1:024125831628:listener-rule/app/blue-green-alb/24381b7f2264bfa5/df9ca288b312f127/6552979a017b51a0",
            "listener_arn": "arn:aws:elasticloadbalancing:us-east-1:024125831628:listener/app/blue-green-alb/24381b7f2264bfa5/df9ca288b312f127",
            "priority": 200,
            "tags": null,
            "tags_all": {}
          },
          "sensitive_attributes": [],
          "private": "bnVsbA==",
          "dependencies": [
            "module.alb.aws_lb.main",
            "module.alb.aws_lb_listener.http",
            "module.alb.aws_lb_target_group.blue",
            "module.alb.aws_lb_target_group.green",
            "module.security_group.aws_security_group.security_group",
            "module.vpc.aws_subnet.public_subnets",
            "module.vpc.aws_vpc.main"
          ]
        },
        {
          "index_key": "app_3",
          "schema_version": 0,
          "attributes": {
            "action": [
              {
                "authenticate_cognito": [],
                "authenticate_oidc": [],
                "fixed_response": [],
                "forward": [
                  {
                    "stickiness": [
                      {
                        "duration": 300,
                        "enabled": true
                      }
                    ],
                    "target_group": [
                      {
                        "arn": "arn:aws:elasticloadbalancing:us-east-1:024125831628:targetgroup/blue-tg-app3/79894588d609c573",
                        "weight": 100
                      },
                      {
                        "arn": "arn:aws:elasticloadbalancing:us-east-1:024125831628:targetgroup/green-tg-app3/7209fc17c9137f21",
                        "weight": 0
                      }
                    ]
                  }
                ],
                "order": 1,
                "redirect": [],
                "target_group_arn": "",
                "type": "forward"
              }
            ],
            "arn": "arn:aws:elasticloadbalancing:us-east-1:024125831628:listener-rule/app/blue-green-alb/24381b7f2264bfa5/df9ca288b312f127/d56dc43a8e2d342b",
            "condition": [
              {
                "host_header": [],
                "http_header": [],
                "http_request_method": [],
                "path_pattern": [
                  {
                    "values": [
                      "/app3*"
                    ]
                  }
                ],
                "query_string": [],
                "source_ip": []
              }
            ],
            "id": "arn:aws:elasticloadbalancing:us-east-1:024125831628:listener-rule/app/blue-green-alb/24381b7f2264bfa5/df9ca288b312f127/d56dc43a8e2d342b",
            "listener_arn": "arn:aws:elasticloadbalancing:us-east-1:024125831628:listener/app/blue-green-alb/24381b7f2264bfa5/df9ca288b312f127",
            "priority": 300,
            "tags": null,
            "tags_all": {}
          },
          "sensitive_attributes": [],
          "private": "bnVsbA==",
          "dependencies": [
            "module.alb.aws_lb.main",
            "module.alb.aws_lb_listener.http",
            "module.alb.aws_lb_target_group.blue",
            "module.alb.aws_lb_target_group.green",
            "module.security_group.aws_security_group.security_group",
            "module.vpc.aws_subnet.public_subnets",
            "module.vpc.aws_vpc.main"
          ]
        }
      ]
    },
    {
      "module": "module.alb",
      "mode": "managed",
      "type": "aws_lb_target_group",
      "name": "blue",
      "provider": "provider[\"registry.terraform.io/hashicorp/aws\"]",
      "instances": [
        {
          "index_key": "app_1",
          "schema_version": 0,
          "attributes": {
            "arn": "arn:aws:elasticloadbalancing:us-east-1:024125831628:targetgroup/blue-tg-app1/9b86bcedeee6f601",
            "arn_suffix": "targetgroup/blue-tg-app1/9b86bcedeee6f601",
            "connection_termination": null,
            "deregistration_delay": "300",
            "health_check": [
              {
                "enabled": true,
                "healthy_threshold": 3,
                "interval": 30,
                "matcher": "200",
                "path": "/health",
                "port": "traffic-port",
                "protocol": "HTTP",
                "timeout": 10,
                "unhealthy_threshold": 2
              }
            ],
            "id": "arn:aws:elasticloadbalancing:us-east-1:024125831628:targetgroup/blue-tg-app1/9b86bcedeee6f601",
            "ip_address_type": "ipv4",
            "lambda_multi_value_headers_enabled": false,
            "load_balancer_arns": [],
            "load_balancing_algorithm_type": "round_robin",
            "load_balancing_anomaly_mitigation": "off",
            "load_balancing_cross_zone_enabled": "use_load_balancer_configuration",
            "name": "blue-tg-app1",
            "name_prefix": "",
            "port": 80,
            "preserve_client_ip": null,
            "protocol": "HTTP",
            "protocol_version": "HTTP1",
            "proxy_protocol_v2": false,
            "slow_start": 0,
            "stickiness": [
              {
                "cookie_duration": 86400,
                "cookie_name": "",
                "enabled": false,
                "type": "lb_cookie"
              }
            ],
            "tags": {
              "App": "app_1",
              "DeploymentGroup": "blue",
              "Environment": "dev",
              "ManagedBy": "Terraform",
              "Module": "alb",
              "Name": "blue-tg-app1",
              "Project": "blue-green-deployment",
              "Terraform": "true"
            },
            "tags_all": {
              "App": "app_1",
              "DeploymentGroup": "blue",
              "Environment": "dev",
              "ManagedBy": "Terraform",
              "Module": "alb",
              "Name": "blue-tg-app1",
              "Project": "blue-green-deployment",
              "Terraform": "true"
            },
            "target_failover": [
              {
                "on_deregistration": null,
                "on_unhealthy": null
              }
            ],
            "target_group_health": [
              {
                "dns_failover": [
                  {
                    "minimum_healthy_targets_count": "1",
                    "minimum_healthy_targets_percentage": "off"
                  }
                ],
                "unhealthy_state_routing": [
                  {
                    "minimum_healthy_targets_count": 1,
                    "minimum_healthy_targets_percentage": "off"
                  }
                ]
              }
            ],
            "target_health_state": [
              {
                "enable_unhealthy_connection_termination": null,
                "unhealthy_draining_interval": null
              }
            ],
            "target_type": "instance",
            "vpc_id": "vpc-0ab9d4e65c69fdef2"
          },
          "sensitive_attributes": [],
          "private": "bnVsbA==",
          "dependencies": [
            "module.vpc.aws_vpc.main"
          ],
          "create_before_destroy": true
        },
        {
          "index_key": "app_2",
          "schema_version": 0,
          "attributes": {
            "arn": "arn:aws:elasticloadbalancing:us-east-1:024125831628:targetgroup/blue-tg-app2/2d236f285c025220",
            "arn_suffix": "targetgroup/blue-tg-app2/2d236f285c025220",
            "connection_termination": null,
            "deregistration_delay": "300",
            "health_check": [
              {
                "enabled": true,
                "healthy_threshold": 3,
                "interval": 30,
                "matcher": "200",
                "path": "/health",
                "port": "traffic-port",
                "protocol": "HTTP",
                "timeout": 10,
                "unhealthy_threshold": 2
              }
            ],
            "id": "arn:aws:elasticloadbalancing:us-east-1:024125831628:targetgroup/blue-tg-app2/2d236f285c025220",
            "ip_address_type": "ipv4",
            "lambda_multi_value_headers_enabled": false,
            "load_balancer_arns": [],
            "load_balancing_algorithm_type": "round_robin",
            "load_balancing_anomaly_mitigation": "off",
            "load_balancing_cross_zone_enabled": "use_load_balancer_configuration",
            "name": "blue-tg-app2",
            "name_prefix": "",
            "port": 80,
            "preserve_client_ip": null,
            "protocol": "HTTP",
            "protocol_version": "HTTP1",
            "proxy_protocol_v2": false,
            "slow_start": 0,
            "stickiness": [
              {
                "cookie_duration": 86400,
                "cookie_name": "",
                "enabled": false,
                "type": "lb_cookie"
              }
            ],
            "tags": {
              "App": "app_2",
              "DeploymentGroup": "blue",
              "Environment": "dev",
              "ManagedBy": "Terraform",
              "Module": "alb",
              "Name": "blue-tg-app2",
              "Project": "blue-green-deployment",
              "Terraform": "true"
            },
            "tags_all": {
              "App": "app_2",
              "DeploymentGroup": "blue",
              "Environment": "dev",
              "ManagedBy": "Terraform",
              "Module": "alb",
              "Name": "blue-tg-app2",
              "Project": "blue-green-deployment",
              "Terraform": "true"
            },
            "target_failover": [
              {
                "on_deregistration": null,
                "on_unhealthy": null
              }
            ],
            "target_group_health": [
              {
                "dns_failover": [
                  {
                    "minimum_healthy_targets_count": "1",
                    "minimum_healthy_targets_percentage": "off"
                  }
                ],
                "unhealthy_state_routing": [
                  {
                    "minimum_healthy_targets_count": 1,
                    "minimum_healthy_targets_percentage": "off"
                  }
                ]
              }
            ],
            "target_health_state": [
              {
                "enable_unhealthy_connection_termination": null,
                "unhealthy_draining_interval": null
              }
            ],
            "target_type": "instance",
            "vpc_id": "vpc-0ab9d4e65c69fdef2"
          },
          "sensitive_attributes": [],
          "private": "bnVsbA==",
          "dependencies": [
            "module.vpc.aws_vpc.main"
          ],
          "create_before_destroy": true
        },
        {
          "index_key": "app_3",
          "schema_version": 0,
          "attributes": {
            "arn": "arn:aws:elasticloadbalancing:us-east-1:024125831628:targetgroup/blue-tg-app3/79894588d609c573",
            "arn_suffix": "targetgroup/blue-tg-app3/79894588d609c573",
            "connection_termination": null,
            "deregistration_delay": "300",
            "health_check": [
              {
                "enabled": true,
                "healthy_threshold": 3,
                "interval": 30,
                "matcher": "200",
                "path": "/health",
                "port": "traffic-port",
                "protocol": "HTTP",
                "timeout": 10,
                "unhealthy_threshold": 2
              }
            ],
            "id": "arn:aws:elasticloadbalancing:us-east-1:024125831628:targetgroup/blue-tg-app3/79894588d609c573",
            "ip_address_type": "ipv4",
            "lambda_multi_value_headers_enabled": false,
            "load_balancer_arns": [],
            "load_balancing_algorithm_type": "round_robin",
            "load_balancing_anomaly_mitigation": "off",
            "load_balancing_cross_zone_enabled": "use_load_balancer_configuration",
            "name": "blue-tg-app3",
            "name_prefix": "",
            "port": 80,
            "preserve_client_ip": null,
            "protocol": "HTTP",
            "protocol_version": "HTTP1",
            "proxy_protocol_v2": false,
            "slow_start": 0,
            "stickiness": [
              {
                "cookie_duration": 86400,
                "cookie_name": "",
                "enabled": false,
                "type": "lb_cookie"
              }
            ],
            "tags": {
              "App": "app_3",
              "DeploymentGroup": "blue",
              "Environment": "dev",
              "ManagedBy": "Terraform",
              "Module": "alb",
              "Name": "blue-tg-app3",
              "Project": "blue-green-deployment",
              "Terraform": "true"
            },
            "tags_all": {
              "App": "app_3",
              "DeploymentGroup": "blue",
              "Environment": "dev",
              "ManagedBy": "Terraform",
              "Module": "alb",
              "Name": "blue-tg-app3",
              "Project": "blue-green-deployment",
              "Terraform": "true"
            },
            "target_failover": [
              {
                "on_deregistration": null,
                "on_unhealthy": null
              }
            ],
            "target_group_health": [
              {
                "dns_failover": [
                  {
                    "minimum_healthy_targets_count": "1",
                    "minimum_healthy_targets_percentage": "off"
                  }
                ],
                "unhealthy_state_routing": [
                  {
                    "minimum_healthy_targets_count": 1,
                    "minimum_healthy_targets_percentage": "off"
                  }
                ]
              }
            ],
            "target_health_state": [
              {
                "enable_unhealthy_connection_termination": null,
                "unhealthy_draining_interval": null
              }
            ],
            "target_type": "instance",
            "vpc_id": "vpc-0ab9d4e65c69fdef2"
          },
          "sensitive_attributes": [],
          "private": "bnVsbA==",
          "dependencies": [
            "module.vpc.aws_vpc.main"
          ],
          "create_before_destroy": true
        }
      ]
    },
    {
      "module": "module.alb",
      "mode": "managed",
      "type": "aws_lb_target_group",
      "name": "green",
      "provider": "provider[\"registry.terraform.io/hashicorp/aws\"]",
      "instances": [
        {
          "index_key": "app_1",
          "schema_version": 0,
          "attributes": {
            "arn": "arn:aws:elasticloadbalancing:us-east-1:024125831628:targetgroup/green-tg-app1/2a68b3a8a2e660d1",
            "arn_suffix": "targetgroup/green-tg-app1/2a68b3a8a2e660d1",
            "connection_termination": null,
            "deregistration_delay": "300",
            "health_check": [
              {
                "enabled": true,
                "healthy_threshold": 3,
                "interval": 30,
                "matcher": "200",
                "path": "/health",
                "port": "traffic-port",
                "protocol": "HTTP",
                "timeout": 10,
                "unhealthy_threshold": 2
              }
            ],
            "id": "arn:aws:elasticloadbalancing:us-east-1:024125831628:targetgroup/green-tg-app1/2a68b3a8a2e660d1",
            "ip_address_type": "ipv4",
            "lambda_multi_value_headers_enabled": false,
            "load_balancer_arns": [],
            "load_balancing_algorithm_type": "round_robin",
            "load_balancing_anomaly_mitigation": "off",
            "load_balancing_cross_zone_enabled": "use_load_balancer_configuration",
            "name": "green-tg-app1",
            "name_prefix": "",
            "port": 80,
            "preserve_client_ip": null,
            "protocol": "HTTP",
            "protocol_version": "HTTP1",
            "proxy_protocol_v2": false,
            "slow_start": 0,
            "stickiness": [
              {
                "cookie_duration": 86400,
                "cookie_name": "",
                "enabled": false,
                "type": "lb_cookie"
              }
            ],
            "tags": {
              "App": "app_1",
              "DeploymentGroup": "green",
              "Environment": "dev",
              "ManagedBy": "Terraform",
              "Module": "alb",
              "Name": "green-tg-app1",
              "Project": "blue-green-deployment",
              "Terraform": "true"
            },
            "tags_all": {
              "App": "app_1",
              "DeploymentGroup": "green",
              "Environment": "dev",
              "ManagedBy": "Terraform",
              "Module": "alb",
              "Name": "green-tg-app1",
              "Project": "blue-green-deployment",
              "Terraform": "true"
            },
            "target_failover": [
              {
                "on_deregistration": null,
                "on_unhealthy": null
              }
            ],
            "target_group_health": [
              {
                "dns_failover": [
                  {
                    "minimum_healthy_targets_count": "1",
                    "minimum_healthy_targets_percentage": "off"
                  }
                ],
                "unhealthy_state_routing": [
                  {
                    "minimum_healthy_targets_count": 1,
                    "minimum_healthy_targets_percentage": "off"
                  }
                ]
              }
            ],
            "target_health_state": [
              {
                "enable_unhealthy_connection_termination": null,
                "unhealthy_draining_interval": null
              }
            ],
            "target_type": "instance",
            "vpc_id": "vpc-0ab9d4e65c69fdef2"
          },
          "sensitive_attributes": [],
          "private": "bnVsbA==",
          "dependencies": [
            "module.vpc.aws_vpc.main"
          ],
          "create_before_destroy": true
        },
        {
          "index_key": "app_2",
          "schema_version": 0,
          "attributes": {
            "arn": "arn:aws:elasticloadbalancing:us-east-1:024125831628:targetgroup/green-tg-app2/886ec8433051177a",
            "arn_suffix": "targetgroup/green-tg-app2/886ec8433051177a",
            "connection_termination": null,
            "deregistration_delay": "300",
            "health_check": [
              {
                "enabled": true,
                "healthy_threshold": 3,
                "interval": 30,
                "matcher": "200",
                "path": "/health",
                "port": "traffic-port",
                "protocol": "HTTP",
                "timeout": 10,
                "unhealthy_threshold": 2
              }
            ],
            "id": "arn:aws:elasticloadbalancing:us-east-1:024125831628:targetgroup/green-tg-app2/886ec8433051177a",
            "ip_address_type": "ipv4",
            "lambda_multi_value_headers_enabled": false,
            "load_balancer_arns": [],
            "load_balancing_algorithm_type": "round_robin",
            "load_balancing_anomaly_mitigation": "off",
            "load_balancing_cross_zone_enabled": "use_load_balancer_configuration",
            "name": "green-tg-app2",
            "name_prefix": "",
            "port": 80,
            "preserve_client_ip": null,
            "protocol": "HTTP",
            "protocol_version": "HTTP1",
            "proxy_protocol_v2": false,
            "slow_start": 0,
            "stickiness": [
              {
                "cookie_duration": 86400,
                "cookie_name": "",
                "enabled": false,
                "type": "lb_cookie"
              }
            ],
            "tags": {
              "App": "app_2",
              "DeploymentGroup": "green",
              "Environment": "dev",
              "ManagedBy": "Terraform",
              "Module": "alb",
              "Name": "green-tg-app2",
              "Project": "blue-green-deployment",
              "Terraform": "true"
            },
            "tags_all": {
              "App": "app_2",
              "DeploymentGroup": "green",
              "Environment": "dev",
              "ManagedBy": "Terraform",
              "Module": "alb",
              "Name": "green-tg-app2",
              "Project": "blue-green-deployment",
              "Terraform": "true"
            },
            "target_failover": [
              {
                "on_deregistration": null,
                "on_unhealthy": null
              }
            ],
            "target_group_health": [
              {
                "dns_failover": [
                  {
                    "minimum_healthy_targets_count": "1",
                    "minimum_healthy_targets_percentage": "off"
                  }
                ],
                "unhealthy_state_routing": [
                  {
                    "minimum_healthy_targets_count": 1,
                    "minimum_healthy_targets_percentage": "off"
                  }
                ]
              }
            ],
            "target_health_state": [
              {
                "enable_unhealthy_connection_termination": null,
                "unhealthy_draining_interval": null
              }
            ],
            "target_type": "instance",
            "vpc_id": "vpc-0ab9d4e65c69fdef2"
          },
          "sensitive_attributes": [],
          "private": "bnVsbA==",
          "dependencies": [
            "module.vpc.aws_vpc.main"
          ],
          "create_before_destroy": true
        },
        {
          "index_key": "app_3",
          "schema_version": 0,
          "attributes": {
            "arn": "arn:aws:elasticloadbalancing:us-east-1:024125831628:targetgroup/green-tg-app3/7209fc17c9137f21",
            "arn_suffix": "targetgroup/green-tg-app3/7209fc17c9137f21",
            "connection_termination": null,
            "deregistration_delay": "300",
            "health_check": [
              {
                "enabled": true,
                "healthy_threshold": 3,
                "interval": 30,
                "matcher": "200",
                "path": "/health",
                "port": "traffic-port",
                "protocol": "HTTP",
                "timeout": 10,
                "unhealthy_threshold": 2
              }
            ],
            "id": "arn:aws:elasticloadbalancing:us-east-1:024125831628:targetgroup/green-tg-app3/7209fc17c9137f21",
            "ip_address_type": "ipv4",
            "lambda_multi_value_headers_enabled": false,
            "load_balancer_arns": [],
            "load_balancing_algorithm_type": "round_robin",
            "load_balancing_anomaly_mitigation": "off",
            "load_balancing_cross_zone_enabled": "use_load_balancer_configuration",
            "name": "green-tg-app3",
            "name_prefix": "",
            "port": 80,
            "preserve_client_ip": null,
            "protocol": "HTTP",
            "protocol_version": "HTTP1",
            "proxy_protocol_v2": false,
            "slow_start": 0,
            "stickiness": [
              {
                "cookie_duration": 86400,
                "cookie_name": "",
                "enabled": false,
                "type": "lb_cookie"
              }
            ],
            "tags": {
              "App": "app_3",
              "DeploymentGroup": "green",
              "Environment": "dev",
              "ManagedBy": "Terraform",
              "Module": "alb",
              "Name": "green-tg-app3",
              "Project": "blue-green-deployment",
              "Terraform": "true"
            },
            "tags_all": {
              "App": "app_3",
              "DeploymentGroup": "green",
              "Environment": "dev",
              "ManagedBy": "Terraform",
              "Module": "alb",
              "Name": "green-tg-app3",
              "Project": "blue-green-deployment",
              "Terraform": "true"
            },
            "target_failover": [
              {
                "on_deregistration": null,
                "on_unhealthy": null
              }
            ],
            "target_group_health": [
              {
                "dns_failover": [
                  {
                    "minimum_healthy_targets_count": "1",
                    "minimum_healthy_targets_percentage": "off"
                  }
                ],
                "unhealthy_state_routing": [
                  {
                    "minimum_healthy_targets_count": 1,
                    "minimum_healthy_targets_percentage": "off"
                  }
                ]
              }
            ],
            "target_health_state": [
              {
                "enable_unhealthy_connection_termination": null,
                "unhealthy_draining_interval": null
              }
            ],
            "target_type": "instance",
            "vpc_id": "vpc-0ab9d4e65c69fdef2"
          },
          "sensitive_attributes": [],
          "private": "bnVsbA==",
          "dependencies": [
            "module.vpc.aws_vpc.main"
          ],
          "create_before_destroy": true
        }
      ]
    },
    {
      "module": "module.asg",
      "mode": "managed",
      "type": "aws_autoscaling_group",
      "name": "blue_green_asg",
      "provider": "provider[\"registry.terraform.io/hashicorp/aws\"]",
      "instances": [
        {
          "schema_version": 1,
          "attributes": {
            "arn": "arn:aws:autoscaling:us-east-1:024125831628:autoScalingGroup:aa82a265-f643-4cae-88a3-4b7225044d71:autoScalingGroupName/blue_green_asg",
            "availability_zone_distribution": [
              {
                "capacity_distribution_strategy": "balanced-best-effort"
              }
            ],
            "availability_zones": [
              "us-east-1a",
              "us-east-1b"
            ],
            "capacity_rebalance": false,
            "context": "",
            "default_cooldown": 300,
            "default_instance_warmup": 0,
            "desired_capacity": 1,
            "desired_capacity_type": "",
            "enabled_metrics": null,
            "force_delete": false,
            "force_delete_warm_pool": false,
            "health_check_grace_period": 300,
            "health_check_type": "ELB",
            "id": "blue_green_asg",
            "ignore_failed_scaling_activities": false,
            "initial_lifecycle_hook": [],
            "instance_maintenance_policy": [],
            "instance_refresh": [
              {
                "preferences": [
                  {
                    "alarm_specification": [],
                    "auto_rollback": false,
                    "checkpoint_delay": "",
                    "checkpoint_percentages": null,
                    "instance_warmup": "60",
                    "max_healthy_percentage": 100,
                    "min_healthy_percentage": 50,
                    "scale_in_protected_instances": "Ignore",
                    "skip_matching": false,
                    "standby_instances": "Ignore"
                  }
                ],
                "strategy": "Rolling",
                "triggers": null
              }
            ],
            "launch_configuration": "",
            "launch_template": [
              {
                "id": "lt-0f3ebec83c4c1efa9",
                "name": "blue-green-launch-template20250610063654230100000002",
                "version": "$Latest"
              }
            ],
            "load_balancers": [],
            "max_instance_lifetime": 0,
            "max_size": 2,
            "metrics_granularity": "1Minute",
            "min_elb_capacity": null,
            "min_size": 1,
            "mixed_instances_policy": [],
            "name": "blue_green_asg",
            "name_prefix": "",
            "placement_group": "",
            "predicted_capacity": 0,
            "protect_from_scale_in": false,
            "service_linked_role_arn": "arn:aws:iam::024125831628:role/aws-service-role/autoscaling.amazonaws.com/AWSServiceRoleForAutoScaling",
            "suspended_processes": null,
            "tag": [],
            "target_group_arns": [
              "arn:aws:elasticloadbalancing:us-east-1:024125831628:targetgroup/blue-tg-app1/9b86bcedeee6f601",
              "arn:aws:elasticloadbalancing:us-east-1:024125831628:targetgroup/green-tg-app1/2a68b3a8a2e660d1"
            ],
            "termination_policies": [
              "OldestInstance"
            ],
            "timeouts": null,
            "traffic_source": [
              {
                "identifier": "arn:aws:elasticloadbalancing:us-east-1:024125831628:targetgroup/blue-tg-app1/9b86bcedeee6f601",
                "type": "elbv2"
              },
              {
                "identifier": "arn:aws:elasticloadbalancing:us-east-1:024125831628:targetgroup/green-tg-app1/2a68b3a8a2e660d1",
                "type": "elbv2"
              }
            ],
            "vpc_zone_identifier": [
              "subnet-0469bb32a841dff03",
              "subnet-05b5dd98faa7eed56"
            ],
            "wait_for_capacity_timeout": "10m",
            "wait_for_elb_capacity": null,
            "warm_pool": [],
            "warm_pool_size": 0
          },
          "sensitive_attributes": [],
          "private": "eyJlMmJmYjczMC1lY2FhLTExZTYtOGY4OC0zNDM2M2JjN2M0YzAiOnsiZGVsZXRlIjo2MDAwMDAwMDAwMDAsInVwZGF0ZSI6NjAwMDAwMDAwMDAwfSwic2NoZW1hX3ZlcnNpb24iOiIxIn0=",
          "dependencies": [
            "module.alb.aws_lb_target_group.blue",
            "module.alb.aws_lb_target_group.green",
            "module.asg.aws_launch_template.app",
            "module.security_group.aws_security_group.security_group",
            "module.vpc.aws_subnet.public_subnets",
            "module.vpc.aws_vpc.main"
          ]
        }
      ]
    },
    {
      "module": "module.asg",
      "mode": "managed",
      "type": "aws_launch_template",
      "name": "app",
      "provider": "provider[\"registry.terraform.io/hashicorp/aws\"]",
      "instances": [
        {
          "schema_version": 0,
          "attributes": {
            "arn": "arn:aws:ec2:us-east-1:024125831628:launch-template/lt-0f3ebec83c4c1efa9",
            "block_device_mappings": [],
            "capacity_reservation_specification": [],
            "cpu_options": [],
            "credit_specification": [],
            "default_version": 1,
            "description": "",
            "disable_api_stop": false,
            "disable_api_termination": false,
            "ebs_optimized": "",
            "elastic_gpu_specifications": [],
            "elastic_inference_accelerator": [],
            "enclave_options": [],
            "hibernation_options": [],
            "iam_instance_profile": [],
            "id": "lt-0f3ebec83c4c1efa9",
            "image_id": "ami-05b10e08d247fb927",
            "instance_initiated_shutdown_behavior": "",
            "instance_market_options": [],
            "instance_requirements": [],
            "instance_type": "t3.micro",
            "kernel_id": "",
            "key_name": "blue-green-key-pair",
            "latest_version": 1,
            "license_specification": [],
            "maintenance_options": [],
            "metadata_options": [],
            "monitoring": [],
            "name": "blue-green-launch-template20250610063654230100000002",
            "name_prefix": "blue-green-launch-template",
            "network_interfaces": [
              {
                "associate_carrier_ip_address": "",
                "associate_public_ip_address": "true",
                "connection_tracking_specification": [],
                "delete_on_termination": "",
                "description": "",
                "device_index": 0,
                "ena_srd_specification": [],
                "interface_type": "",
                "ipv4_address_count": 0,
                "ipv4_addresses": null,
                "ipv4_prefix_count": 0,
                "ipv4_prefixes": null,
                "ipv6_address_count": 0,
                "ipv6_addresses": null,
                "ipv6_prefix_count": 0,
                "ipv6_prefixes": null,
                "network_card_index": 0,
                "network_interface_id": "",
                "primary_ipv6": "",
                "private_ip_address": "",
                "security_groups": [
                  "sg-0db79129b7eac5035"
                ],
                "subnet_id": ""
              }
            ],
            "placement": [],
            "private_dns_name_options": [],
            "ram_disk_id": "",
            "security_group_names": null,
            "tag_specifications": [],
            "tags": null,
            "tags_all": {},
            "update_default_version": null,
            "user_data": "IyEvYmluL2Jhc2gKIyBVcGRhdGUgcGFja2FnZXMKc3VkbyB5dW0gdXBkYXRlIC15CgojIEluc3RhbGwgR2l0LCBQeXRob24sIGFuZCBGbGFzawpzdWRvIHl1bSBpbnN0YWxsIC15IGdpdCBweXRob24zCnN1ZG8gcGlwMyBpbnN0YWxsIGZsYXNrCgojIENsb25lIHlvdXIgR2l0SHViIHJlcG9zaXRvcnkKbWtkaXIgLXAgL2hvbWUvZWMyLXVzZXIvYXBwCmNkIC9ob21lL2VjMi11c2VyL2FwcApnaXQgY2xvbmUgaHR0cHM6Ly9naXRodWIuY29tL1RhbmlzaHFQYXJhYi9ibHVlLWdyZWVuLWRlcGxveW1lbnQuZ2l0IC4KCiMgU2V0IHBlcm1pc3Npb25zCnN1ZG8gY2hvd24gLVIgZWMyLXVzZXI6ZWMyLXVzZXIgL2hvbWUvZWMyLXVzZXIvYXBwCgojIENyZWF0ZSBhIEZsYXNrIHN5c3RlbWQgc2VydmljZQpjYXQgPDxFT0wgfCBzdWRvIHRlZSAvZXRjL3N5c3RlbWQvc3lzdGVtL2ZsYXNrLWFwcC5zZXJ2aWNlCltVbml0XQpEZXNjcmlwdGlvbj1GbGFzayBBcHAKQWZ0ZXI9bmV0d29yay50YXJnZXQKCltTZXJ2aWNlXQpVc2VyPWVjMi11c2VyCldvcmtpbmdEaXJlY3Rvcnk9L2hvbWUvZWMyLXVzZXIvYXBwCkV4ZWNTdGFydD0vdXNyL2Jpbi9weXRob24zIC9ob21lL2VjMi11c2VyL2FwcC9ibHVlLWdyZWVuLWRlcGxveW1lbnQvbW9kdWxlcy9lYzIvc2NyaXB0cy9hcHAucHkKUmVzdGFydD1hbHdheXMKCltJbnN0YWxsXQpXYW50ZWRCeT1tdWx0aS11c2VyLnRhcmdldApFT0wKCiMgUmVsb2FkIHN5c3RlbWQgYW5kIGVuYWJsZSBGbGFzayBzZXJ2aWNlCnN1ZG8gc3lzdGVtY3RsIGRhZW1vbi1yZWxvYWQKc3VkbyBzeXN0ZW1jdGwgZW5hYmxlIGZsYXNrLWFwcApzdWRvIHN5c3RlbWN0bCBzdGFydCBmbGFzay1hcHAK",
            "vpc_security_group_ids": null
          },
          "sensitive_attributes": [],
          "private": "bnVsbA==",
          "dependencies": [
            "module.security_group.aws_security_group.security_group",
            "module.vpc.aws_vpc.main"
          ]
        }
      ]
    },
    {
      "module": "module.ec2",
      "mode": "managed",
      "type": "aws_instance",
      "name": "blue",
      "provider": "provider[\"registry.terraform.io/hashicorp/aws\"]",
      "instances": [
        {
          "index_key": "app_1",
          "schema_version": 1,
          "attributes": {
            "ami": "ami-05b10e08d247fb927",
            "arn": "arn:aws:ec2:us-east-1:024125831628:instance/i-0967b1937d94bc424",
            "associate_public_ip_address": true,
            "availability_zone": "us-east-1a",
            "capacity_reservation_specification": [
              {
                "capacity_reservation_preference": "open",
                "capacity_reservation_target": []
              }
            ],
            "cpu_core_count": 1,
            "cpu_options": [
              {
                "amd_sev_snp": "",
                "core_count": 1,
                "threads_per_core": 2
              }
            ],
            "cpu_threads_per_core": 2,
            "credit_specification": [
              {
                "cpu_credits": "unlimited"
              }
            ],
            "disable_api_stop": false,
            "disable_api_termination": false,
            "ebs_block_device": [],
            "ebs_optimized": false,
            "enable_primary_ipv6": null,
            "enclave_options": [
              {
                "enabled": false
              }
            ],
            "ephemeral_block_device": [],
            "get_password_data": false,
            "hibernation": false,
            "host_id": "",
            "host_resource_group_arn": null,
            "iam_instance_profile": "",
            "id": "i-0967b1937d94bc424",
            "instance_initiated_shutdown_behavior": "stop",
            "instance_lifecycle": "",
            "instance_market_options": [],
            "instance_state": "running",
            "instance_type": "t3.micro",
            "ipv6_address_count": 0,
            "ipv6_addresses": [],
            "key_name": "blue-green-key-pair",
            "launch_template": [],
            "maintenance_options": [
              {
                "auto_recovery": "default"
              }
            ],
            "metadata_options": [
              {
                "http_endpoint": "enabled",
                "http_protocol_ipv6": "disabled",
                "http_put_response_hop_limit": 2,
                "http_tokens": "required",
                "instance_metadata_tags": "disabled"
              }
            ],
            "monitoring": false,
            "network_interface": [],
            "outpost_arn": "",
            "password_data": "",
            "placement_group": "",
            "placement_partition_number": 0,
            "primary_network_interface_id": "eni-02b3c04b753806c16",
            "private_dns": "ip-10-0-1-109.ec2.internal",
            "private_dns_name_options": [
              {
                "enable_resource_name_dns_a_record": false,
                "enable_resource_name_dns_aaaa_record": false,
                "hostname_type": "ip-name"
              }
            ],
            "private_ip": "10.0.1.109",
            "public_dns": "ec2-34-207-167-254.compute-1.amazonaws.com",
            "public_ip": "34.207.167.254",
            "root_block_device": [
              {
                "delete_on_termination": true,
                "device_name": "/dev/xvda",
                "encrypted": false,
                "iops": 3000,
                "kms_key_id": "",
                "tags": {},
                "tags_all": {},
                "throughput": 125,
                "volume_id": "vol-060dc74a65c716738",
                "volume_size": 8,
                "volume_type": "gp3"
              }
            ],
            "secondary_private_ips": [],
            "security_groups": [
              "sg-0db79129b7eac5035"
            ],
            "source_dest_check": true,
            "spot_instance_request_id": "",
            "subnet_id": "subnet-0469bb32a841dff03",
            "tags": {
              "App": "app_1",
              "Deployment": "blue",
              "Environment": "Blue-Green",
              "Name": "app1-blue-instance"
            },
            "tags_all": {
              "App": "app_1",
              "Deployment": "blue",
              "Environment": "Blue-Green",
              "Name": "app1-blue-instance"
            },
            "tenancy": "default",
            "timeouts": null,
            "user_data": null,
            "user_data_base64": null,
            "user_data_replace_on_change": false,
            "volume_tags": null,
            "vpc_security_group_ids": [
              "sg-0db79129b7eac5035"
            ]
          },
          "sensitive_attributes": [],
          "private": "eyJlMmJmYjczMC1lY2FhLTExZTYtOGY4OC0zNDM2M2JjN2M0YzAiOnsiY3JlYXRlIjo2MDAwMDAwMDAwMDAsImRlbGV0ZSI6MTIwMDAwMDAwMDAwMCwicmVhZCI6OTAwMDAwMDAwMDAwLCJ1cGRhdGUiOjYwMDAwMDAwMDAwMH0sInNjaGVtYV92ZXJzaW9uIjoiMSJ9",
          "dependencies": [
            "module.security_group.aws_security_group.security_group",
            "module.vpc.aws_subnet.public_subnets",
            "module.vpc.aws_vpc.main"
          ]
        },
        {
          "index_key": "app_2",
          "schema_version": 1,
          "attributes": {
            "ami": "ami-05b10e08d247fb927",
            "arn": "arn:aws:ec2:us-east-1:024125831628:instance/i-06b49f9f7ad5dc92d",
            "associate_public_ip_address": true,
            "availability_zone": "us-east-1a",
            "capacity_reservation_specification": [
              {
                "capacity_reservation_preference": "open",
                "capacity_reservation_target": []
              }
            ],
            "cpu_core_count": 1,
            "cpu_options": [
              {
                "amd_sev_snp": "",
                "core_count": 1,
                "threads_per_core": 2
              }
            ],
            "cpu_threads_per_core": 2,
            "credit_specification": [
              {
                "cpu_credits": "unlimited"
              }
            ],
            "disable_api_stop": false,
            "disable_api_termination": false,
            "ebs_block_device": [],
            "ebs_optimized": false,
            "enable_primary_ipv6": null,
            "enclave_options": [
              {
                "enabled": false
              }
            ],
            "ephemeral_block_device": [],
            "get_password_data": false,
            "hibernation": false,
            "host_id": "",
            "host_resource_group_arn": null,
            "iam_instance_profile": "",
            "id": "i-06b49f9f7ad5dc92d",
            "instance_initiated_shutdown_behavior": "stop",
            "instance_lifecycle": "",
            "instance_market_options": [],
            "instance_state": "running",
            "instance_type": "t3.micro",
            "ipv6_address_count": 0,
            "ipv6_addresses": [],
            "key_name": "blue-green-key-pair",
            "launch_template": [],
            "maintenance_options": [
              {
                "auto_recovery": "default"
              }
            ],
            "metadata_options": [
              {
                "http_endpoint": "enabled",
                "http_protocol_ipv6": "disabled",
                "http_put_response_hop_limit": 2,
                "http_tokens": "required",
                "instance_metadata_tags": "disabled"
              }
            ],
            "monitoring": false,
            "network_interface": [],
            "outpost_arn": "",
            "password_data": "",
            "placement_group": "",
            "placement_partition_number": 0,
            "primary_network_interface_id": "eni-0b851694f6e81ca44",
            "private_dns": "ip-10-0-1-217.ec2.internal",
            "private_dns_name_options": [
              {
                "enable_resource_name_dns_a_record": false,
                "enable_resource_name_dns_aaaa_record": false,
                "hostname_type": "ip-name"
              }
            ],
            "private_ip": "10.0.1.217",
            "public_dns": "ec2-3-83-128-89.compute-1.amazonaws.com",
            "public_ip": "3.83.128.89",
            "root_block_device": [
              {
                "delete_on_termination": true,
                "device_name": "/dev/xvda",
                "encrypted": false,
                "iops": 3000,
                "kms_key_id": "",
                "tags": {},
                "tags_all": {},
                "throughput": 125,
                "volume_id": "vol-0146113a82851dd79",
                "volume_size": 8,
                "volume_type": "gp3"
              }
            ],
            "secondary_private_ips": [],
            "security_groups": [
              "sg-0db79129b7eac5035"
            ],
            "source_dest_check": true,
            "spot_instance_request_id": "",
            "subnet_id": "subnet-0469bb32a841dff03",
            "tags": {
              "App": "app_2",
              "Deployment": "blue",
              "Environment": "Blue-Green",
              "Name": "app2-blue-instance"
            },
            "tags_all": {
              "App": "app_2",
              "Deployment": "blue",
              "Environment": "Blue-Green",
              "Name": "app2-blue-instance"
            },
            "tenancy": "default",
            "timeouts": null,
            "user_data": null,
            "user_data_base64": null,
            "user_data_replace_on_change": false,
            "volume_tags": null,
            "vpc_security_group_ids": [
              "sg-0db79129b7eac5035"
            ]
          },
          "sensitive_attributes": [],
          "private": "eyJlMmJmYjczMC1lY2FhLTExZTYtOGY4OC0zNDM2M2JjN2M0YzAiOnsiY3JlYXRlIjo2MDAwMDAwMDAwMDAsImRlbGV0ZSI6MTIwMDAwMDAwMDAwMCwicmVhZCI6OTAwMDAwMDAwMDAwLCJ1cGRhdGUiOjYwMDAwMDAwMDAwMH0sInNjaGVtYV92ZXJzaW9uIjoiMSJ9",
          "dependencies": [
            "module.security_group.aws_security_group.security_group",
            "module.vpc.aws_subnet.public_subnets",
            "module.vpc.aws_vpc.main"
          ]
        },
        {
          "index_key": "app_3",
          "schema_version": 1,
          "attributes": {
            "ami": "ami-05b10e08d247fb927",
            "arn": "arn:aws:ec2:us-east-1:024125831628:instance/i-00e2ea9b69d4b8570",
            "associate_public_ip_address": true,
            "availability_zone": "us-east-1a",
            "capacity_reservation_specification": [
              {
                "capacity_reservation_preference": "open",
                "capacity_reservation_target": []
              }
            ],
            "cpu_core_count": 1,
            "cpu_options": [
              {
                "amd_sev_snp": "",
                "core_count": 1,
                "threads_per_core": 2
              }
            ],
            "cpu_threads_per_core": 2,
            "credit_specification": [
              {
                "cpu_credits": "unlimited"
              }
            ],
            "disable_api_stop": false,
            "disable_api_termination": false,
            "ebs_block_device": [],
            "ebs_optimized": false,
            "enable_primary_ipv6": null,
            "enclave_options": [
              {
                "enabled": false
              }
            ],
            "ephemeral_block_device": [],
            "get_password_data": false,
            "hibernation": false,
            "host_id": "",
            "host_resource_group_arn": null,
            "iam_instance_profile": "",
            "id": "i-00e2ea9b69d4b8570",
            "instance_initiated_shutdown_behavior": "stop",
            "instance_lifecycle": "",
            "instance_market_options": [],
            "instance_state": "running",
            "instance_type": "t3.micro",
            "ipv6_address_count": 0,
            "ipv6_addresses": [],
            "key_name": "blue-green-key-pair",
            "launch_template": [],
            "maintenance_options": [
              {
                "auto_recovery": "default"
              }
            ],
            "metadata_options": [
              {
                "http_endpoint": "enabled",
                "http_protocol_ipv6": "disabled",
                "http_put_response_hop_limit": 2,
                "http_tokens": "required",
                "instance_metadata_tags": "disabled"
              }
            ],
            "monitoring": false,
            "network_interface": [],
            "outpost_arn": "",
            "password_data": "",
            "placement_group": "",
            "placement_partition_number": 0,
            "primary_network_interface_id": "eni-0ccf3384c59081850",
            "private_dns": "ip-10-0-1-158.ec2.internal",
            "private_dns_name_options": [
              {
                "enable_resource_name_dns_a_record": false,
                "enable_resource_name_dns_aaaa_record": false,
                "hostname_type": "ip-name"
              }
            ],
            "private_ip": "10.0.1.158",
            "public_dns": "ec2-52-207-244-70.compute-1.amazonaws.com",
            "public_ip": "52.207.244.70",
            "root_block_device": [
              {
                "delete_on_termination": true,
                "device_name": "/dev/xvda",
                "encrypted": false,
                "iops": 3000,
                "kms_key_id": "",
                "tags": {},
                "tags_all": {},
                "throughput": 125,
                "volume_id": "vol-08ff79854a91aa8fe",
                "volume_size": 8,
                "volume_type": "gp3"
              }
            ],
            "secondary_private_ips": [],
            "security_groups": [
              "sg-0db79129b7eac5035"
            ],
            "source_dest_check": true,
            "spot_instance_request_id": "",
            "subnet_id": "subnet-0469bb32a841dff03",
            "tags": {
              "App": "app_3",
              "Deployment": "blue",
              "Environment": "Blue-Green",
              "Name": "app3-blue-instance"
            },
            "tags_all": {
              "App": "app_3",
              "Deployment": "blue",
              "Environment": "Blue-Green",
              "Name": "app3-blue-instance"
            },
            "tenancy": "default",
            "timeouts": null,
            "user_data": null,
            "user_data_base64": null,
            "user_data_replace_on_change": false,
            "volume_tags": null,
            "vpc_security_group_ids": [
              "sg-0db79129b7eac5035"
            ]
          },
          "sensitive_attributes": [],
          "private": "eyJlMmJmYjczMC1lY2FhLTExZTYtOGY4OC0zNDM2M2JjN2M0YzAiOnsiY3JlYXRlIjo2MDAwMDAwMDAwMDAsImRlbGV0ZSI6MTIwMDAwMDAwMDAwMCwicmVhZCI6OTAwMDAwMDAwMDAwLCJ1cGRhdGUiOjYwMDAwMDAwMDAwMH0sInNjaGVtYV92ZXJzaW9uIjoiMSJ9",
          "dependencies": [
            "module.security_group.aws_security_group.security_group",
            "module.vpc.aws_subnet.public_subnets",
            "module.vpc.aws_vpc.main"
          ]
        }
      ]
    },
    {
      "module": "module.ec2",
      "mode": "managed",
      "type": "aws_instance",
      "name": "green",
      "provider": "provider[\"registry.terraform.io/hashicorp/aws\"]",
      "instances": [
        {
          "index_key": "app_1",
          "schema_version": 1,
          "attributes": {
            "ami": "ami-05b10e08d247fb927",
            "arn": "arn:aws:ec2:us-east-1:024125831628:instance/i-0bafbbdb3d7d03f32",
            "associate_public_ip_address": true,
            "availability_zone": "us-east-1a",
            "capacity_reservation_specification": [
              {
                "capacity_reservation_preference": "open",
                "capacity_reservation_target": []
              }
            ],
            "cpu_core_count": 1,
            "cpu_options": [
              {
                "amd_sev_snp": "",
                "core_count": 1,
                "threads_per_core": 2
              }
            ],
            "cpu_threads_per_core": 2,
            "credit_specification": [
              {
                "cpu_credits": "unlimited"
              }
            ],
            "disable_api_stop": false,
            "disable_api_termination": false,
            "ebs_block_device": [],
            "ebs_optimized": false,
            "enable_primary_ipv6": null,
            "enclave_options": [
              {
                "enabled": false
              }
            ],
            "ephemeral_block_device": [],
            "get_password_data": false,
            "hibernation": false,
            "host_id": "",
            "host_resource_group_arn": null,
            "iam_instance_profile": "",
            "id": "i-0bafbbdb3d7d03f32",
            "instance_initiated_shutdown_behavior": "stop",
            "instance_lifecycle": "",
            "instance_market_options": [],
            "instance_state": "running",
            "instance_type": "t3.micro",
            "ipv6_address_count": 0,
            "ipv6_addresses": [],
            "key_name": "blue-green-key-pair",
            "launch_template": [],
            "maintenance_options": [
              {
                "auto_recovery": "default"
              }
            ],
            "metadata_options": [
              {
                "http_endpoint": "enabled",
                "http_protocol_ipv6": "disabled",
                "http_put_response_hop_limit": 2,
                "http_tokens": "required",
                "instance_metadata_tags": "disabled"
              }
            ],
            "monitoring": false,
            "network_interface": [],
            "outpost_arn": "",
            "password_data": "",
            "placement_group": "",
            "placement_partition_number": 0,
            "primary_network_interface_id": "eni-0f8b85615a580d004",
            "private_dns": "ip-10-0-1-16.ec2.internal",
            "private_dns_name_options": [
              {
                "enable_resource_name_dns_a_record": false,
                "enable_resource_name_dns_aaaa_record": false,
                "hostname_type": "ip-name"
              }
            ],
            "private_ip": "10.0.1.16",
            "public_dns": "ec2-3-93-13-169.compute-1.amazonaws.com",
            "public_ip": "3.93.13.169",
            "root_block_device": [
              {
                "delete_on_termination": true,
                "device_name": "/dev/xvda",
                "encrypted": false,
                "iops": 3000,
                "kms_key_id": "",
                "tags": {},
                "tags_all": {},
                "throughput": 125,
                "volume_id": "vol-092e265f24c010d1d",
                "volume_size": 8,
                "volume_type": "gp3"
              }
            ],
            "secondary_private_ips": [],
            "security_groups": [
              "sg-0db79129b7eac5035"
            ],
            "source_dest_check": true,
            "spot_instance_request_id": "",
            "subnet_id": "subnet-0469bb32a841dff03",
            "tags": {
              "App": "app_1",
              "Deployment": "green",
              "Environment": "Blue-Green",
              "Name": "app1-green-instance"
            },
            "tags_all": {
              "App": "app_1",
              "Deployment": "green",
              "Environment": "Blue-Green",
              "Name": "app1-green-instance"
            },
            "tenancy": "default",
            "timeouts": null,
            "user_data": null,
            "user_data_base64": null,
            "user_data_replace_on_change": false,
            "volume_tags": null,
            "vpc_security_group_ids": [
              "sg-0db79129b7eac5035"
            ]
          },
          "sensitive_attributes": [],
          "private": "eyJlMmJmYjczMC1lY2FhLTExZTYtOGY4OC0zNDM2M2JjN2M0YzAiOnsiY3JlYXRlIjo2MDAwMDAwMDAwMDAsImRlbGV0ZSI6MTIwMDAwMDAwMDAwMCwicmVhZCI6OTAwMDAwMDAwMDAwLCJ1cGRhdGUiOjYwMDAwMDAwMDAwMH0sInNjaGVtYV92ZXJzaW9uIjoiMSJ9",
          "dependencies": [
            "module.security_group.aws_security_group.security_group",
            "module.vpc.aws_subnet.public_subnets",
            "module.vpc.aws_vpc.main"
          ]
        },
        {
          "index_key": "app_2",
          "schema_version": 1,
          "attributes": {
            "ami": "ami-05b10e08d247fb927",
            "arn": "arn:aws:ec2:us-east-1:024125831628:instance/i-066e4499412a66875",
            "associate_public_ip_address": true,
            "availability_zone": "us-east-1a",
            "capacity_reservation_specification": [
              {
                "capacity_reservation_preference": "open",
                "capacity_reservation_target": []
              }
            ],
            "cpu_core_count": 1,
            "cpu_options": [
              {
                "amd_sev_snp": "",
                "core_count": 1,
                "threads_per_core": 2
              }
            ],
            "cpu_threads_per_core": 2,
            "credit_specification": [
              {
                "cpu_credits": "unlimited"
              }
            ],
            "disable_api_stop": false,
            "disable_api_termination": false,
            "ebs_block_device": [],
            "ebs_optimized": false,
            "enable_primary_ipv6": null,
            "enclave_options": [
              {
                "enabled": false
              }
            ],
            "ephemeral_block_device": [],
            "get_password_data": false,
            "hibernation": false,
            "host_id": "",
            "host_resource_group_arn": null,
            "iam_instance_profile": "",
            "id": "i-066e4499412a66875",
            "instance_initiated_shutdown_behavior": "stop",
            "instance_lifecycle": "",
            "instance_market_options": [],
            "instance_state": "running",
            "instance_type": "t3.micro",
            "ipv6_address_count": 0,
            "ipv6_addresses": [],
            "key_name": "blue-green-key-pair",
            "launch_template": [],
            "maintenance_options": [
              {
                "auto_recovery": "default"
              }
            ],
            "metadata_options": [
              {
                "http_endpoint": "enabled",
                "http_protocol_ipv6": "disabled",
                "http_put_response_hop_limit": 2,
                "http_tokens": "required",
                "instance_metadata_tags": "disabled"
              }
            ],
            "monitoring": false,
            "network_interface": [],
            "outpost_arn": "",
            "password_data": "",
            "placement_group": "",
            "placement_partition_number": 0,
            "primary_network_interface_id": "eni-0b9192e380c71cbe5",
            "private_dns": "ip-10-0-1-5.ec2.internal",
            "private_dns_name_options": [
              {
                "enable_resource_name_dns_a_record": false,
                "enable_resource_name_dns_aaaa_record": false,
                "hostname_type": "ip-name"
              }
            ],
            "private_ip": "10.0.1.5",
            "public_dns": "ec2-3-87-36-155.compute-1.amazonaws.com",
            "public_ip": "3.87.36.155",
            "root_block_device": [
              {
                "delete_on_termination": true,
                "device_name": "/dev/xvda",
                "encrypted": false,
                "iops": 3000,
                "kms_key_id": "",
                "tags": {},
                "tags_all": {},
                "throughput": 125,
                "volume_id": "vol-09bef0f5dcd417149",
                "volume_size": 8,
                "volume_type": "gp3"
              }
            ],
            "secondary_private_ips": [],
            "security_groups": [
              "sg-0db79129b7eac5035"
            ],
            "source_dest_check": true,
            "spot_instance_request_id": "",
            "subnet_id": "subnet-0469bb32a841dff03",
            "tags": {
              "App": "app_2",
              "Deployment": "green",
              "Environment": "Blue-Green",
              "Name": "app2-green-instance"
            },
            "tags_all": {
              "App": "app_2",
              "Deployment": "green",
              "Environment": "Blue-Green",
              "Name": "app2-green-instance"
            },
            "tenancy": "default",
            "timeouts": null,
            "user_data": null,
            "user_data_base64": null,
            "user_data_replace_on_change": false,
            "volume_tags": null,
            "vpc_security_group_ids": [
              "sg-0db79129b7eac5035"
            ]
          },
          "sensitive_attributes": [],
          "private": "eyJlMmJmYjczMC1lY2FhLTExZTYtOGY4OC0zNDM2M2JjN2M0YzAiOnsiY3JlYXRlIjo2MDAwMDAwMDAwMDAsImRlbGV0ZSI6MTIwMDAwMDAwMDAwMCwicmVhZCI6OTAwMDAwMDAwMDAwLCJ1cGRhdGUiOjYwMDAwMDAwMDAwMH0sInNjaGVtYV92ZXJzaW9uIjoiMSJ9",
          "dependencies": [
            "module.security_group.aws_security_group.security_group",
            "module.vpc.aws_subnet.public_subnets",
            "module.vpc.aws_vpc.main"
          ]
        },
        {
          "index_key": "app_3",
          "schema_version": 1,
          "attributes": {
            "ami": "ami-05b10e08d247fb927",
            "arn": "arn:aws:ec2:us-east-1:024125831628:instance/i-0f66129e52ed3f069",
            "associate_public_ip_address": true,
            "availability_zone": "us-east-1a",
            "capacity_reservation_specification": [
              {
                "capacity_reservation_preference": "open",
                "capacity_reservation_target": []
              }
            ],
            "cpu_core_count": 1,
            "cpu_options": [
              {
                "amd_sev_snp": "",
                "core_count": 1,
                "threads_per_core": 2
              }
            ],
            "cpu_threads_per_core": 2,
            "credit_specification": [
              {
                "cpu_credits": "unlimited"
              }
            ],
            "disable_api_stop": false,
            "disable_api_termination": false,
            "ebs_block_device": [],
            "ebs_optimized": false,
            "enable_primary_ipv6": null,
            "enclave_options": [
              {
                "enabled": false
              }
            ],
            "ephemeral_block_device": [],
            "get_password_data": false,
            "hibernation": false,
            "host_id": "",
            "host_resource_group_arn": null,
            "iam_instance_profile": "",
            "id": "i-0f66129e52ed3f069",
            "instance_initiated_shutdown_behavior": "stop",
            "instance_lifecycle": "",
            "instance_market_options": [],
            "instance_state": "running",
            "instance_type": "t3.micro",
            "ipv6_address_count": 0,
            "ipv6_addresses": [],
            "key_name": "blue-green-key-pair",
            "launch_template": [],
            "maintenance_options": [
              {
                "auto_recovery": "default"
              }
            ],
            "metadata_options": [
              {
                "http_endpoint": "enabled",
                "http_protocol_ipv6": "disabled",
                "http_put_response_hop_limit": 2,
                "http_tokens": "required",
                "instance_metadata_tags": "disabled"
              }
            ],
            "monitoring": false,
            "network_interface": [],
            "outpost_arn": "",
            "password_data": "",
            "placement_group": "",
            "placement_partition_number": 0,
            "primary_network_interface_id": "eni-0689e1e7d8224ee3d",
            "private_dns": "ip-10-0-1-176.ec2.internal",
            "private_dns_name_options": [
              {
                "enable_resource_name_dns_a_record": false,
                "enable_resource_name_dns_aaaa_record": false,
                "hostname_type": "ip-name"
              }
            ],
            "private_ip": "10.0.1.176",
            "public_dns": "ec2-34-226-247-143.compute-1.amazonaws.com",
            "public_ip": "34.226.247.143",
            "root_block_device": [
              {
                "delete_on_termination": true,
                "device_name": "/dev/xvda",
                "encrypted": false,
                "iops": 3000,
                "kms_key_id": "",
                "tags": {},
                "tags_all": {},
                "throughput": 125,
                "volume_id": "vol-0fe934d9c2d4afde8",
                "volume_size": 8,
                "volume_type": "gp3"
              }
            ],
            "secondary_private_ips": [],
            "security_groups": [
              "sg-0db79129b7eac5035"
            ],
            "source_dest_check": true,
            "spot_instance_request_id": "",
            "subnet_id": "subnet-0469bb32a841dff03",
            "tags": {
              "App": "app_3",
              "Deployment": "green",
              "Environment": "Blue-Green",
              "Name": "app3-green-instance"
            },
            "tags_all": {
              "App": "app_3",
              "Deployment": "green",
              "Environment": "Blue-Green",
              "Name": "app3-green-instance"
            },
            "tenancy": "default",
            "timeouts": null,
            "user_data": null,
            "user_data_base64": null,
            "user_data_replace_on_change": false,
            "volume_tags": null,
            "vpc_security_group_ids": [
              "sg-0db79129b7eac5035"
            ]
          },
          "sensitive_attributes": [],
          "private": "eyJlMmJmYjczMC1lY2FhLTExZTYtOGY4OC0zNDM2M2JjN2M0YzAiOnsiY3JlYXRlIjo2MDAwMDAwMDAwMDAsImRlbGV0ZSI6MTIwMDAwMDAwMDAwMCwicmVhZCI6OTAwMDAwMDAwMDAwLCJ1cGRhdGUiOjYwMDAwMDAwMDAwMH0sInNjaGVtYV92ZXJzaW9uIjoiMSJ9",
          "dependencies": [
            "module.security_group.aws_security_group.security_group",
            "module.vpc.aws_subnet.public_subnets",
            "module.vpc.aws_vpc.main"
          ]
        }
      ]
    },
    {
      "module": "module.security_group",
      "mode": "managed",
      "type": "aws_security_group",
      "name": "security_group",
      "provider": "provider[\"registry.terraform.io/hashicorp/aws\"]",
      "instances": [
        {
          "schema_version": 1,
          "attributes": {
            "arn": "arn:aws:ec2:us-east-1:024125831628:security-group/sg-0db79129b7eac5035",
            "description": "Security group for ECS tasks",
            "egress": [
              {
                "cidr_blocks": [
                  "0.0.0.0/0"
                ],
                "description": "Allow all outbound traffic",
                "from_port": 0,
                "ipv6_cidr_blocks": [],
                "prefix_list_ids": [],
                "protocol": "-1",
                "security_groups": [],
                "self": false,
                "to_port": 0
              }
            ],
            "id": "sg-0db79129b7eac5035",
            "ingress": [
              {
                "cidr_blocks": [
                  "0.0.0.0/0"
                ],
                "description": "Flask application port",
                "from_port": 5000,
                "ipv6_cidr_blocks": [],
                "prefix_list_ids": [],
                "protocol": "tcp",
                "security_groups": [],
                "self": false,
                "to_port": 5000
              },
              {
                "cidr_blocks": [
                  "0.0.0.0/0"
                ],
                "description": "HTTP traffic",
                "from_port": 80,
                "ipv6_cidr_blocks": [],
                "prefix_list_ids": [],
                "protocol": "tcp",
                "security_groups": [],
                "self": false,
                "to_port": 80
              },
              {
                "cidr_blocks": [
                  "0.0.0.0/0"
                ],
                "description": "SSH access",
                "from_port": 22,
                "ipv6_cidr_blocks": [],
                "prefix_list_ids": [],
                "protocol": "tcp",
                "security_groups": [],
                "self": false,
                "to_port": 22
              }
            ],
            "name": "ECS Security Group",
            "name_prefix": "",
            "owner_id": "024125831628",
            "revoke_rules_on_delete": false,
            "tags": {
              "Environment": "dev",
              "ManagedBy": "Terraform",
              "Module": "security_group",
              "Name": "ECS Security Group",
              "Project": "blue-green-deployment",
              "Terraform": "true"
            },
            "tags_all": {
              "Environment": "dev",
              "ManagedBy": "Terraform",
              "Module": "security_group",
              "Name": "ECS Security Group",
              "Project": "blue-green-deployment",
              "Terraform": "true"
            },
            "timeouts": null,
            "vpc_id": "vpc-0ab9d4e65c69fdef2"
          },
          "sensitive_attributes": [],
          "private": "eyJlMmJmYjczMC1lY2FhLTExZTYtOGY4OC0zNDM2M2JjN2M0YzAiOnsiY3JlYXRlIjo2MDAwMDAwMDAwMDAsImRlbGV0ZSI6OTAwMDAwMDAwMDAwfSwic2NoZW1hX3ZlcnNpb24iOiIxIn0=",
          "dependencies": [
            "module.vpc.aws_vpc.main"
          ],
          "create_before_destroy": true
        }
      ]
    },
    {
      "module": "module.vpc",
      "mode": "managed",
      "type": "aws_internet_gateway",
      "name": "main",
      "provider": "provider[\"registry.terraform.io/hashicorp/aws\"]",
      "instances": [
        {
          "schema_version": 0,
          "attributes": {
            "arn": "arn:aws:ec2:us-east-1:024125831628:internet-gateway/igw-0efeff85c9f02fa26",
            "id": "igw-0efeff85c9f02fa26",
            "owner_id": "024125831628",
            "tags": {
              "Environment": "dev",
              "ManagedBy": "Terraform",
              "Module": "vpc",
              "Name": "Main-IGW",
              "Project": "blue-green-deployment",
              "Terraform": "true"
            },
            "tags_all": {
              "Environment": "dev",
              "ManagedBy": "Terraform",
              "Module": "vpc",
              "Name": "Main-IGW",
              "Project": "blue-green-deployment",
              "Terraform": "true"
            },
            "timeouts": null,
            "vpc_id": "vpc-0ab9d4e65c69fdef2"
          },
          "sensitive_attributes": [],
          "private": "eyJlMmJmYjczMC1lY2FhLTExZTYtOGY4OC0zNDM2M2JjN2M0YzAiOnsiY3JlYXRlIjoxMjAwMDAwMDAwMDAwLCJkZWxldGUiOjEyMDAwMDAwMDAwMDAsInVwZGF0ZSI6MTIwMDAwMDAwMDAwMH19",
          "dependencies": [
            "module.vpc.aws_vpc.main"
          ]
        }
      ]
    },
    {
      "module": "module.vpc",
      "mode": "managed",
      "type": "aws_route",
      "name": "public_internet_gateway",
      "provider": "provider[\"registry.terraform.io/hashicorp/aws\"]",
      "instances": [
        {
          "schema_version": 0,
          "attributes": {
            "carrier_gateway_id": "",
            "core_network_arn": "",
            "destination_cidr_block": "0.0.0.0/0",
            "destination_ipv6_cidr_block": "",
            "destination_prefix_list_id": "",
            "egress_only_gateway_id": "",
            "gateway_id": "igw-0efeff85c9f02fa26",
            "id": "r-rtb-0dd4dd0c6c857a3a91080289494",
            "instance_id": "",
            "instance_owner_id": "",
            "local_gateway_id": "",
            "nat_gateway_id": "",
            "network_interface_id": "",
            "origin": "CreateRoute",
            "route_table_id": "rtb-0dd4dd0c6c857a3a9",
            "state": "active",
            "timeouts": {
              "create": "5m",
              "delete": null,
              "update": null
            },
            "transit_gateway_id": "",
            "vpc_endpoint_id": "",
            "vpc_peering_connection_id": ""
          },
          "sensitive_attributes": [],
          "private": "eyJlMmJmYjczMC1lY2FhLTExZTYtOGY4OC0zNDM2M2JjN2M0YzAiOnsiY3JlYXRlIjozMDAwMDAwMDAwMDAsImRlbGV0ZSI6MzAwMDAwMDAwMDAwLCJ1cGRhdGUiOjEyMDAwMDAwMDAwMH19",
          "dependencies": [
            "module.vpc.aws_internet_gateway.main",
            "module.vpc.aws_route_table.public",
            "module.vpc.aws_vpc.main"
          ]
        }
      ]
    },
    {
      "module": "module.vpc",
      "mode": "managed",
      "type": "aws_route_table",
      "name": "public",
      "provider": "provider[\"registry.terraform.io/hashicorp/aws\"]",
      "instances": [
        {
          "schema_version": 0,
          "attributes": {
            "arn": "arn:aws:ec2:us-east-1:024125831628:route-table/rtb-0dd4dd0c6c857a3a9",
            "id": "rtb-0dd4dd0c6c857a3a9",
            "owner_id": "024125831628",
            "propagating_vgws": [],
            "route": [],
            "tags": {
              "Environment": "dev",
              "ManagedBy": "Terraform",
              "Module": "vpc",
              "Name": "Public-RT",
              "Project": "blue-green-deployment",
              "Terraform": "true",
              "Type": "Public"
            },
            "tags_all": {
              "Environment": "dev",
              "ManagedBy": "Terraform",
              "Module": "vpc",
              "Name": "Public-RT",
              "Project": "blue-green-deployment",
              "Terraform": "true",
              "Type": "Public"
            },
            "timeouts": null,
            "vpc_id": "vpc-0ab9d4e65c69fdef2"
          },
          "sensitive_attributes": [],
          "private": "eyJlMmJmYjczMC1lY2FhLTExZTYtOGY4OC0zNDM2M2JjN2M0YzAiOnsiY3JlYXRlIjozMDAwMDAwMDAwMDAsImRlbGV0ZSI6MzAwMDAwMDAwMDAwLCJ1cGRhdGUiOjEyMDAwMDAwMDAwMH19",
          "dependencies": [
            "module.vpc.aws_vpc.main"
          ]
        }
      ]
    },
    {
      "module": "module.vpc",
      "mode": "managed",
      "type": "aws_route_table_association",
      "name": "public",
      "provider": "provider[\"registry.terraform.io/hashicorp/aws\"]",
      "instances": [
        {
          "index_key": "0",
          "schema_version": 0,
          "attributes": {
            "gateway_id": "",
            "id": "rtbassoc-039b1b340e975eae7",
            "route_table_id": "rtb-0dd4dd0c6c857a3a9",
            "subnet_id": "subnet-0469bb32a841dff03",
            "timeouts": null
          },
          "sensitive_attributes": [],
          "private": "eyJlMmJmYjczMC1lY2FhLTExZTYtOGY4OC0zNDM2M2JjN2M0YzAiOnsiY3JlYXRlIjozMDAwMDAwMDAwMDAsImRlbGV0ZSI6MzAwMDAwMDAwMDAwLCJ1cGRhdGUiOjEyMDAwMDAwMDAwMH19",
          "dependencies": [
            "module.vpc.aws_route_table.public",
            "module.vpc.aws_subnet.public_subnets",
            "module.vpc.aws_vpc.main"
          ]
        },
        {
          "index_key": "1",
          "schema_version": 0,
          "attributes": {
            "gateway_id": "",
            "id": "rtbassoc-088319c431a0b4c14",
            "route_table_id": "rtb-0dd4dd0c6c857a3a9",
            "subnet_id": "subnet-05b5dd98faa7eed56",
            "timeouts": null
          },
          "sensitive_attributes": [],
          "private": "eyJlMmJmYjczMC1lY2FhLTExZTYtOGY4OC0zNDM2M2JjN2M0YzAiOnsiY3JlYXRlIjozMDAwMDAwMDAwMDAsImRlbGV0ZSI6MzAwMDAwMDAwMDAwLCJ1cGRhdGUiOjEyMDAwMDAwMDAwMH19",
          "dependencies": [
            "module.vpc.aws_route_table.public",
            "module.vpc.aws_subnet.public_subnets",
            "module.vpc.aws_vpc.main"
          ]
        }
      ]
    },
    {
      "module": "module.vpc",
      "mode": "managed",
      "type": "aws_subnet",
      "name": "public_subnets",
      "provider": "provider[\"registry.terraform.io/hashicorp/aws\"]",
      "instances": [
        {
          "index_key": "0",
          "schema_version": 1,
          "attributes": {
            "arn": "arn:aws:ec2:us-east-1:024125831628:subnet/subnet-0469bb32a841dff03",
            "assign_ipv6_address_on_creation": false,
            "availability_zone": "us-east-1a",
            "availability_zone_id": "use1-az2",
            "cidr_block": "10.0.1.0/24",
            "customer_owned_ipv4_pool": "",
            "enable_dns64": false,
            "enable_lni_at_device_index": 0,
            "enable_resource_name_dns_a_record_on_launch": false,
            "enable_resource_name_dns_aaaa_record_on_launch": false,
            "id": "subnet-0469bb32a841dff03",
            "ipv6_cidr_block": "",
            "ipv6_cidr_block_association_id": "",
            "ipv6_native": false,
            "map_customer_owned_ip_on_launch": false,
            "map_public_ip_on_launch": true,
            "outpost_arn": "",
            "owner_id": "024125831628",
            "private_dns_hostname_type_on_launch": "ip-name",
            "tags": {
              "Environment": "dev",
              "ManagedBy": "Terraform",
              "Module": "vpc",
              "Name": "Public-Subnet-1",
              "Project": "blue-green-deployment",
              "Terraform": "true",
              "Type": "Public"
            },
            "tags_all": {
              "Environment": "dev",
              "ManagedBy": "Terraform",
              "Module": "vpc",
              "Name": "Public-Subnet-1",
              "Project": "blue-green-deployment",
              "Terraform": "true",
              "Type": "Public"
            },
            "timeouts": null,
            "vpc_id": "vpc-0ab9d4e65c69fdef2"
          },
          "sensitive_attributes": [],
          "private": "eyJlMmJmYjczMC1lY2FhLTExZTYtOGY4OC0zNDM2M2JjN2M0YzAiOnsiY3JlYXRlIjo2MDAwMDAwMDAwMDAsImRlbGV0ZSI6MTIwMDAwMDAwMDAwMH0sInNjaGVtYV92ZXJzaW9uIjoiMSJ9",
          "dependencies": [
            "module.vpc.aws_vpc.main"
          ],
          "create_before_destroy": true
        },
        {
          "index_key": "1",
          "schema_version": 1,
          "attributes": {
            "arn": "arn:aws:ec2:us-east-1:024125831628:subnet/subnet-05b5dd98faa7eed56",
            "assign_ipv6_address_on_creation": false,
            "availability_zone": "us-east-1b",
            "availability_zone_id": "use1-az4",
            "cidr_block": "10.0.2.0/24",
            "customer_owned_ipv4_pool": "",
            "enable_dns64": false,
            "enable_lni_at_device_index": 0,
            "enable_resource_name_dns_a_record_on_launch": false,
            "enable_resource_name_dns_aaaa_record_on_launch": false,
            "id": "subnet-05b5dd98faa7eed56",
            "ipv6_cidr_block": "",
            "ipv6_cidr_block_association_id": "",
            "ipv6_native": false,
            "map_customer_owned_ip_on_launch": false,
            "map_public_ip_on_launch": true,
            "outpost_arn": "",
            "owner_id": "024125831628",
            "private_dns_hostname_type_on_launch": "ip-name",
            "tags": {
              "Environment": "dev",
              "ManagedBy": "Terraform",
              "Module": "vpc",
              "Name": "Public-Subnet-2",
              "Project": "blue-green-deployment",
              "Terraform": "true",
              "Type": "Public"
            },
            "tags_all": {
              "Environment": "dev",
              "ManagedBy": "Terraform",
              "Module": "vpc",
              "Name": "Public-Subnet-2",
              "Project": "blue-green-deployment",
              "Terraform": "true",
              "Type": "Public"
            },
            "timeouts": null,
            "vpc_id": "vpc-0ab9d4e65c69fdef2"
          },
          "sensitive_attributes": [],
          "private": "eyJlMmJmYjczMC1lY2FhLTExZTYtOGY4OC0zNDM2M2JjN2M0YzAiOnsiY3JlYXRlIjo2MDAwMDAwMDAwMDAsImRlbGV0ZSI6MTIwMDAwMDAwMDAwMH0sInNjaGVtYV92ZXJzaW9uIjoiMSJ9",
          "dependencies": [
            "module.vpc.aws_vpc.main"
          ],
          "create_before_destroy": true
        }
      ]
    },
    {
      "module": "module.vpc",
      "mode": "managed",
      "type": "aws_vpc",
      "name": "main",
      "provider": "provider[\"registry.terraform.io/hashicorp/aws\"]",
      "instances": [
        {
          "schema_version": 1,
          "attributes": {
            "arn": "arn:aws:ec2:us-east-1:024125831628:vpc/vpc-0ab9d4e65c69fdef2",
            "assign_generated_ipv6_cidr_block": false,
            "cidr_block": "10.0.0.0/16",
            "default_network_acl_id": "acl-0c09a9f774bf49fde",
            "default_route_table_id": "rtb-05b7d167e1ec83f5e",
            "default_security_group_id": "sg-03dfbb959cc6856d2",
            "dhcp_options_id": "dopt-02f1a2b25f3aa9141",
            "enable_dns_hostnames": true,
            "enable_dns_support": true,
            "enable_network_address_usage_metrics": false,
            "id": "vpc-0ab9d4e65c69fdef2",
            "instance_tenancy": "default",
            "ipv4_ipam_pool_id": null,
            "ipv4_netmask_length": null,
            "ipv6_association_id": "",
            "ipv6_cidr_block": "",
            "ipv6_cidr_block_network_border_group": "",
            "ipv6_ipam_pool_id": "",
            "ipv6_netmask_length": 0,
            "main_route_table_id": "rtb-05b7d167e1ec83f5e",
            "owner_id": "024125831628",
            "tags": {
              "Environment": "dev",
              "ManagedBy": "Terraform",
              "Module": "vpc",
              "Name": "Main VPC",
              "Project": "blue-green-deployment",
              "Terraform": "true"
            },
            "tags_all": {
              "Environment": "dev",
              "ManagedBy": "Terraform",
              "Module": "vpc",
              "Name": "Main VPC",
              "Project": "blue-green-deployment",
              "Terraform": "true"
            }
          },
          "sensitive_attributes": [],
          "private": "eyJzY2hlbWFfdmVyc2lvbiI6IjEifQ==",
          "create_before_destroy": true
        }
      ]
    }
  ],
  "check_results": [
    {
      "object_kind": "var",
      "config_addr": "module.vpc.var.flow_logs_traffic_type",
      "status": "pass",
      "objects": [
        {
          "object_addr": "module.vpc.var.flow_logs_traffic_type",
          "status": "pass"
        }
      ]
    },
    {
      "object_kind": "var",
      "config_addr": "module.vpc.var.instance_tenancy",
      "status": "pass",
      "objects": [
        {
          "object_addr": "module.vpc.var.instance_tenancy",
          "status": "pass"
        }
      ]
    }
  ]
}
